
Microsoft Visual Studio Solution File, Format Version 12.00
# Visual Studio Version 16
VisualStudioVersion = 16.0.30611.23
MinimumVisualStudioVersion = 10.0.40219.1
Project("{FAE04EC0-301F-11D3-BF4B-00C04F79EFBC}") = "TimerEvents", "TimerEvents.csproj", "{99747297-8A83-49F0-B47B-6D5A0E8AF47C}"
EndProject
Global
	GlobalSection(SolutionConfigurationPlatforms) = preSolution
		Debug|Any CPU = Debug|Any CPU
		Release|Any CPU = Release|Any CPU
	EndGlobalSection
	GlobalSection(ProjectConfigurationPlatforms) = postSolution
		{99747297-8A83-49F0-B47B-6D5A0E8AF47C}.Debug|Any CPU.ActiveCfg = Debug|Any CPU
		{99747297-8A83-49F0-B47B-6D5A0E8AF47C}.Debug|Any CPU.Build.0 = Debug|Any CPU
		{99747297-8A83-49F0-B47B-6D5A0E8AF47C}.Release|Any CPU.ActiveCfg = Release|Any CPU
		{99747297-8A83-49F0-B47B-6D5A0E8AF47C}.Release|Any CPU.Build.0 = Release|Any CPU
	EndGlobalSection
	GlobalSection(SolutionProperties) = preSolution
		HideSolutionNode = FALSE
	EndGlobalSection
	GlobalSection(ExtensibilityGlobals) = postSolution
		SolutionGuid = {D3D9F8A7-75E8-4B89-AC7A-87A0B7EC80C6}
	EndGlobalSection
EndGlobal
